
Microsoft Visual Studio Solution File, Format Version 12.00
# Visual Studio 15
VisualStudioVersion = 15.0.28307.489
MinimumVisualStudioVersion = 10.0.40219.1
Project("{FAE04EC0-301F-11D3-BF4B-00C04F79EFBC}") = "Factory", "Factory\Factory.csproj", "{13043370-7901-4D2D-9D75-420217DC9CB5}"
EndProject
Project("{FAE04EC0-301F-11D3-BF4B-00C04F79EFBC}") = "UnitTestFactory", "UnitTestFactory\UnitTestFactory.csproj", "{955EE20C-4F60-439C-B445-EC1C32B8D9BD}"
EndProject
Global
	GlobalSection(SolutionConfigurationPlatforms) = preSolution
		Debug|Any CPU = Debug|Any CPU
		Release|Any CPU = Release|Any CPU
	EndGlobalSection
	GlobalSection(ProjectConfigurationPlatforms) = postSolution
		{13043370-7901-4D2D-9D75-420217DC9CB5}.Debug|Any CPU.ActiveCfg = Debug|Any CPU
		{13043370-7901-4D2D-9D75-420217DC9CB5}.Debug|Any CPU.Build.0 = Debug|Any CPU
		{13043370-7901-4D2D-9D75-420217DC9CB5}.Release|Any CPU.ActiveCfg = Release|Any CPU
		{13043370-7901-4D2D-9D75-420217DC9CB5}.Release|Any CPU.Build.0 = Release|Any CPU
		{955EE20C-4F60-439C-B445-EC1C32B8D9BD}.Debug|Any CPU.ActiveCfg = Debug|Any CPU
		{955EE20C-4F60-439C-B445-EC1C32B8D9BD}.Debug|Any CPU.Build.0 = Debug|Any CPU
		{955EE20C-4F60-439C-B445-EC1C32B8D9BD}.Release|Any CPU.ActiveCfg = Release|Any CPU
		{955EE20C-4F60-439C-B445-EC1C32B8D9BD}.Release|Any CPU.Build.0 = Release|Any CPU
	EndGlobalSection
	GlobalSection(SolutionProperties) = preSolution
		HideSolutionNode = FALSE
	EndGlobalSection
	GlobalSection(ExtensibilityGlobals) = postSolution
		SolutionGuid = {1DC60DBE-9F40-41B4-8DCD-5C39DD61B7BE}
	EndGlobalSection
EndGlobal
