
Microsoft Visual Studio Solution File, Format Version 12.00
# Visual Studio 15
VisualStudioVersion = 15.0.28307.489
MinimumVisualStudioVersion = 10.0.40219.1
Project("{FAE04EC0-301F-11D3-BF4B-00C04F79EFBC}") = "Singleton", "Singleton\Singleton.csproj", "{B4E0F807-9C45-422A-906A-796319EC8B4B}"
EndProject
Project("{FAE04EC0-301F-11D3-BF4B-00C04F79EFBC}") = "UnitTestSingleton", "UnitTestSingleton\UnitTestSingleton.csproj", "{9F9F8ABB-47B2-42FF-8DF5-C576BC5F7C28}"
EndProject
Global
	GlobalSection(SolutionConfigurationPlatforms) = preSolution
		Debug|Any CPU = Debug|Any CPU
		Release|Any CPU = Release|Any CPU
	EndGlobalSection
	GlobalSection(ProjectConfigurationPlatforms) = postSolution
		{B4E0F807-9C45-422A-906A-796319EC8B4B}.Debug|Any CPU.ActiveCfg = Debug|Any CPU
		{B4E0F807-9C45-422A-906A-796319EC8B4B}.Debug|Any CPU.Build.0 = Debug|Any CPU
		{B4E0F807-9C45-422A-906A-796319EC8B4B}.Release|Any CPU.ActiveCfg = Release|Any CPU
		{B4E0F807-9C45-422A-906A-796319EC8B4B}.Release|Any CPU.Build.0 = Release|Any CPU
		{9F9F8ABB-47B2-42FF-8DF5-C576BC5F7C28}.Debug|Any CPU.ActiveCfg = Debug|Any CPU
		{9F9F8ABB-47B2-42FF-8DF5-C576BC5F7C28}.Debug|Any CPU.Build.0 = Debug|Any CPU
		{9F9F8ABB-47B2-42FF-8DF5-C576BC5F7C28}.Release|Any CPU.ActiveCfg = Release|Any CPU
		{9F9F8ABB-47B2-42FF-8DF5-C576BC5F7C28}.Release|Any CPU.Build.0 = Release|Any CPU
	EndGlobalSection
	GlobalSection(SolutionProperties) = preSolution
		HideSolutionNode = FALSE
	EndGlobalSection
	GlobalSection(ExtensibilityGlobals) = postSolution
		SolutionGuid = {42FCDB5B-A7AC-407F-91E4-AFAD5CB59837}
	EndGlobalSection
EndGlobal
